
Microsoft Visual Studio Solution File, Format Version 12.00
# Visual Studio Version 17
VisualStudioVersion = 17.0.31903.59
MinimumVisualStudioVersion = 10.0.40219.1
Project("{FAE04EC0-301F-11D3-BF4B-00C04F79EFBC}") = "TestApp", "TestApp\TestApp.csproj", "{B1374937-E122-47EC-8AC2-874530E5EB44}"
EndProject
Project("{FAE04EC0-301F-11D3-BF4B-00C04F79EFBC}") = "DatadogLogs", "..\Bindings\DatadogLogs\DatadogLogs.csproj", "{498F71B3-2095-4F1C-9BA4-6594F12F9639}"
EndProject
Project("{FAE04EC0-301F-11D3-BF4B-00C04F79EFBC}") = "Core", "..\Bindings\Core\Core.csproj", "{CE80D535-0856-4380-B570-C531E78EB575}"
EndProject
Project("{FAE04EC0-301F-11D3-BF4B-00C04F79EFBC}") = "Internal", "..\Bindings\Internal\Internal.csproj", "{E08B7E43-51A2-4420-8FC9-630D5BCEE059}"
EndProject
Project("{FAE04EC0-301F-11D3-BF4B-00C04F79EFBC}") = "Ndk", "..\Bindings\Ndk\Ndk.csproj", "{3069053A-25B0-4E24-80BC-3A234C457C44}"
EndProject
Project("{FAE04EC0-301F-11D3-BF4B-00C04F79EFBC}") = "Rum", "..\Bindings\Rum\Rum.csproj", "{8C98F23F-CB44-4519-960A-3EBD87DA7AA1}"
EndProject
Project("{FAE04EC0-301F-11D3-BF4B-00C04F79EFBC}") = "SessionReplay", "..\Bindings\SessionReplay\SessionReplay.csproj", "{03701595-A004-41C2-9A41-04044073061F}"
EndProject
Project("{FAE04EC0-301F-11D3-BF4B-00C04F79EFBC}") = "Trace", "..\Bindings\Trace\Trace.csproj", "{41F46ABE-240C-4B3C-B3E4-26C204C61C35}"
EndProject
Project("{FAE04EC0-301F-11D3-BF4B-00C04F79EFBC}") = "Trace.Otel", "..\Bindings\Trace.Otel\Trace.Otel.csproj", "{53DF37F1-5610-4342-B069-C63DC24D1212}"
EndProject
Project("{FAE04EC0-301F-11D3-BF4B-00C04F79EFBC}") = "WebView", "..\Bindings\WebView\WebView.csproj", "{1646E2A5-A4EA-4C07-8BE7-2A0D9834CCBD}"
EndProject
Global
	GlobalSection(SolutionConfigurationPlatforms) = preSolution
		Debug|Any CPU = Debug|Any CPU
		Debug|x64 = Debug|x64
		Debug|x86 = Debug|x86
		Release|Any CPU = Release|Any CPU
		Release|x64 = Release|x64
		Release|x86 = Release|x86
	EndGlobalSection
	GlobalSection(ProjectConfigurationPlatforms) = postSolution
		{B1374937-E122-47EC-8AC2-874530E5EB44}.Debug|Any CPU.ActiveCfg = Debug|Any CPU
		{B1374937-E122-47EC-8AC2-874530E5EB44}.Debug|Any CPU.Build.0 = Debug|Any CPU
		{B1374937-E122-47EC-8AC2-874530E5EB44}.Debug|x64.ActiveCfg = Debug|Any CPU
		{B1374937-E122-47EC-8AC2-874530E5EB44}.Debug|x64.Build.0 = Debug|Any CPU
		{B1374937-E122-47EC-8AC2-874530E5EB44}.Debug|x86.ActiveCfg = Debug|Any CPU
		{B1374937-E122-47EC-8AC2-874530E5EB44}.Debug|x86.Build.0 = Debug|Any CPU
		{B1374937-E122-47EC-8AC2-874530E5EB44}.Release|Any CPU.ActiveCfg = Release|Any CPU
		{B1374937-E122-47EC-8AC2-874530E5EB44}.Release|Any CPU.Build.0 = Release|Any CPU
		{B1374937-E122-47EC-8AC2-874530E5EB44}.Release|x64.ActiveCfg = Release|Any CPU
		{B1374937-E122-47EC-8AC2-874530E5EB44}.Release|x64.Build.0 = Release|Any CPU
		{B1374937-E122-47EC-8AC2-874530E5EB44}.Release|x86.ActiveCfg = Release|Any CPU
		{B1374937-E122-47EC-8AC2-874530E5EB44}.Release|x86.Build.0 = Release|Any CPU
		{498F71B3-2095-4F1C-9BA4-6594F12F9639}.Debug|Any CPU.ActiveCfg = Debug|Any CPU
		{498F71B3-2095-4F1C-9BA4-6594F12F9639}.Debug|Any CPU.Build.0 = Debug|Any CPU
		{498F71B3-2095-4F1C-9BA4-6594F12F9639}.Debug|x64.ActiveCfg = Debug|Any CPU
		{498F71B3-2095-4F1C-9BA4-6594F12F9639}.Debug|x64.Build.0 = Debug|Any CPU
		{498F71B3-2095-4F1C-9BA4-6594F12F9639}.Debug|x86.ActiveCfg = Debug|Any CPU
		{498F71B3-2095-4F1C-9BA4-6594F12F9639}.Debug|x86.Build.0 = Debug|Any CPU
		{498F71B3-2095-4F1C-9BA4-6594F12F9639}.Release|Any CPU.ActiveCfg = Release|Any CPU
		{498F71B3-2095-4F1C-9BA4-6594F12F9639}.Release|Any CPU.Build.0 = Release|Any CPU
		{498F71B3-2095-4F1C-9BA4-6594F12F9639}.Release|x64.ActiveCfg = Release|Any CPU
		{498F71B3-2095-4F1C-9BA4-6594F12F9639}.Release|x64.Build.0 = Release|Any CPU
		{498F71B3-2095-4F1C-9BA4-6594F12F9639}.Release|x86.ActiveCfg = Release|Any CPU
		{498F71B3-2095-4F1C-9BA4-6594F12F9639}.Release|x86.Build.0 = Release|Any CPU
		{CE80D535-0856-4380-B570-C531E78EB575}.Debug|Any CPU.ActiveCfg = Debug|Any CPU
		{CE80D535-0856-4380-B570-C531E78EB575}.Debug|Any CPU.Build.0 = Debug|Any CPU
		{CE80D535-0856-4380-B570-C531E78EB575}.Debug|x64.ActiveCfg = Debug|Any CPU
		{CE80D535-0856-4380-B570-C531E78EB575}.Debug|x64.Build.0 = Debug|Any CPU
		{CE80D535-0856-4380-B570-C531E78EB575}.Debug|x86.ActiveCfg = Debug|Any CPU
		{CE80D535-0856-4380-B570-C531E78EB575}.Debug|x86.Build.0 = Debug|Any CPU
		{CE80D535-0856-4380-B570-C531E78EB575}.Release|Any CPU.ActiveCfg = Release|Any CPU
		{CE80D535-0856-4380-B570-C531E78EB575}.Release|Any CPU.Build.0 = Release|Any CPU
		{CE80D535-0856-4380-B570-C531E78EB575}.Release|x64.ActiveCfg = Release|Any CPU
		{CE80D535-0856-4380-B570-C531E78EB575}.Release|x64.Build.0 = Release|Any CPU
		{CE80D535-0856-4380-B570-C531E78EB575}.Release|x86.ActiveCfg = Release|Any CPU
		{CE80D535-0856-4380-B570-C531E78EB575}.Release|x86.Build.0 = Release|Any CPU
		{E08B7E43-51A2-4420-8FC9-630D5BCEE059}.Debug|Any CPU.ActiveCfg = Debug|Any CPU
		{E08B7E43-51A2-4420-8FC9-630D5BCEE059}.Debug|Any CPU.Build.0 = Debug|Any CPU
		{E08B7E43-51A2-4420-8FC9-630D5BCEE059}.Debug|x64.ActiveCfg = Debug|Any CPU
		{E08B7E43-51A2-4420-8FC9-630D5BCEE059}.Debug|x64.Build.0 = Debug|Any CPU
		{E08B7E43-51A2-4420-8FC9-630D5BCEE059}.Debug|x86.ActiveCfg = Debug|Any CPU
		{E08B7E43-51A2-4420-8FC9-630D5BCEE059}.Debug|x86.Build.0 = Debug|Any CPU
		{E08B7E43-51A2-4420-8FC9-630D5BCEE059}.Release|Any CPU.ActiveCfg = Release|Any CPU
		{E08B7E43-51A2-4420-8FC9-630D5BCEE059}.Release|Any CPU.Build.0 = Release|Any CPU
		{E08B7E43-51A2-4420-8FC9-630D5BCEE059}.Release|x64.ActiveCfg = Release|Any CPU
		{E08B7E43-51A2-4420-8FC9-630D5BCEE059}.Release|x64.Build.0 = Release|Any CPU
		{E08B7E43-51A2-4420-8FC9-630D5BCEE059}.Release|x86.ActiveCfg = Release|Any CPU
		{E08B7E43-51A2-4420-8FC9-630D5BCEE059}.Release|x86.Build.0 = Release|Any CPU
		{3069053A-25B0-4E24-80BC-3A234C457C44}.Debug|Any CPU.ActiveCfg = Debug|Any CPU
		{3069053A-25B0-4E24-80BC-3A234C457C44}.Debug|Any CPU.Build.0 = Debug|Any CPU
		{3069053A-25B0-4E24-80BC-3A234C457C44}.Debug|x64.ActiveCfg = Debug|Any CPU
		{3069053A-25B0-4E24-80BC-3A234C457C44}.Debug|x64.Build.0 = Debug|Any CPU
		{3069053A-25B0-4E24-80BC-3A234C457C44}.Debug|x86.ActiveCfg = Debug|Any CPU
		{3069053A-25B0-4E24-80BC-3A234C457C44}.Debug|x86.Build.0 = Debug|Any CPU
		{3069053A-25B0-4E24-80BC-3A234C457C44}.Release|Any CPU.ActiveCfg = Release|Any CPU
		{3069053A-25B0-4E24-80BC-3A234C457C44}.Release|Any CPU.Build.0 = Release|Any CPU
		{3069053A-25B0-4E24-80BC-3A234C457C44}.Release|x64.ActiveCfg = Release|Any CPU
		{3069053A-25B0-4E24-80BC-3A234C457C44}.Release|x64.Build.0 = Release|Any CPU
		{3069053A-25B0-4E24-80BC-3A234C457C44}.Release|x86.ActiveCfg = Release|Any CPU
		{3069053A-25B0-4E24-80BC-3A234C457C44}.Release|x86.Build.0 = Release|Any CPU
		{8C98F23F-CB44-4519-960A-3EBD87DA7AA1}.Debug|Any CPU.ActiveCfg = Debug|Any CPU
		{8C98F23F-CB44-4519-960A-3EBD87DA7AA1}.Debug|Any CPU.Build.0 = Debug|Any CPU
		{8C98F23F-CB44-4519-960A-3EBD87DA7AA1}.Debug|x64.ActiveCfg = Debug|Any CPU
		{8C98F23F-CB44-4519-960A-3EBD87DA7AA1}.Debug|x64.Build.0 = Debug|Any CPU
		{8C98F23F-CB44-4519-960A-3EBD87DA7AA1}.Debug|x86.ActiveCfg = Debug|Any CPU
		{8C98F23F-CB44-4519-960A-3EBD87DA7AA1}.Debug|x86.Build.0 = Debug|Any CPU
		{8C98F23F-CB44-4519-960A-3EBD87DA7AA1}.Release|Any CPU.ActiveCfg = Release|Any CPU
		{8C98F23F-CB44-4519-960A-3EBD87DA7AA1}.Release|Any CPU.Build.0 = Release|Any CPU
		{8C98F23F-CB44-4519-960A-3EBD87DA7AA1}.Release|x64.ActiveCfg = Release|Any CPU
		{8C98F23F-CB44-4519-960A-3EBD87DA7AA1}.Release|x64.Build.0 = Release|Any CPU
		{8C98F23F-CB44-4519-960A-3EBD87DA7AA1}.Release|x86.ActiveCfg = Release|Any CPU
		{8C98F23F-CB44-4519-960A-3EBD87DA7AA1}.Release|x86.Build.0 = Release|Any CPU
		{03701595-A004-41C2-9A41-04044073061F}.Debug|Any CPU.ActiveCfg = Debug|Any CPU
		{03701595-A004-41C2-9A41-04044073061F}.Debug|Any CPU.Build.0 = Debug|Any CPU
		{03701595-A004-41C2-9A41-04044073061F}.Debug|x64.ActiveCfg = Debug|Any CPU
		{03701595-A004-41C2-9A41-04044073061F}.Debug|x64.Build.0 = Debug|Any CPU
		{03701595-A004-41C2-9A41-04044073061F}.Debug|x86.ActiveCfg = Debug|Any CPU
		{03701595-A004-41C2-9A41-04044073061F}.Debug|x86.Build.0 = Debug|Any CPU
		{03701595-A004-41C2-9A41-04044073061F}.Release|Any CPU.ActiveCfg = Release|Any CPU
		{03701595-A004-41C2-9A41-04044073061F}.Release|Any CPU.Build.0 = Release|Any CPU
		{03701595-A004-41C2-9A41-04044073061F}.Release|x64.ActiveCfg = Release|Any CPU
		{03701595-A004-41C2-9A41-04044073061F}.Release|x64.Build.0 = Release|Any CPU
		{03701595-A004-41C2-9A41-04044073061F}.Release|x86.ActiveCfg = Release|Any CPU
		{03701595-A004-41C2-9A41-04044073061F}.Release|x86.Build.0 = Release|Any CPU
		{41F46ABE-240C-4B3C-B3E4-26C204C61C35}.Debug|Any CPU.ActiveCfg = Debug|Any CPU
		{41F46ABE-240C-4B3C-B3E4-26C204C61C35}.Debug|Any CPU.Build.0 = Debug|Any CPU
		{41F46ABE-240C-4B3C-B3E4-26C204C61C35}.Debug|x64.ActiveCfg = Debug|Any CPU
		{41F46ABE-240C-4B3C-B3E4-26C204C61C35}.Debug|x64.Build.0 = Debug|Any CPU
		{41F46ABE-240C-4B3C-B3E4-26C204C61C35}.Debug|x86.ActiveCfg = Debug|Any CPU
		{41F46ABE-240C-4B3C-B3E4-26C204C61C35}.Debug|x86.Build.0 = Debug|Any CPU
		{41F46ABE-240C-4B3C-B3E4-26C204C61C35}.Release|Any CPU.ActiveCfg = Release|Any CPU
		{41F46ABE-240C-4B3C-B3E4-26C204C61C35}.Release|Any CPU.Build.0 = Release|Any CPU
		{41F46ABE-240C-4B3C-B3E4-26C204C61C35}.Release|x64.ActiveCfg = Release|Any CPU
		{41F46ABE-240C-4B3C-B3E4-26C204C61C35}.Release|x64.Build.0 = Release|Any CPU
		{41F46ABE-240C-4B3C-B3E4-26C204C61C35}.Release|x86.ActiveCfg = Release|Any CPU
		{41F46ABE-240C-4B3C-B3E4-26C204C61C35}.Release|x86.Build.0 = Release|Any CPU
		{53DF37F1-5610-4342-B069-C63DC24D1212}.Debug|Any CPU.ActiveCfg = Debug|Any CPU
		{53DF37F1-5610-4342-B069-C63DC24D1212}.Debug|Any CPU.Build.0 = Debug|Any CPU
		{53DF37F1-5610-4342-B069-C63DC24D1212}.Debug|x64.ActiveCfg = Debug|Any CPU
		{53DF37F1-5610-4342-B069-C63DC24D1212}.Debug|x64.Build.0 = Debug|Any CPU
		{53DF37F1-5610-4342-B069-C63DC24D1212}.Debug|x86.ActiveCfg = Debug|Any CPU
		{53DF37F1-5610-4342-B069-C63DC24D1212}.Debug|x86.Build.0 = Debug|Any CPU
		{53DF37F1-5610-4342-B069-C63DC24D1212}.Release|Any CPU.ActiveCfg = Release|Any CPU
		{53DF37F1-5610-4342-B069-C63DC24D1212}.Release|Any CPU.Build.0 = Release|Any CPU
		{53DF37F1-5610-4342-B069-C63DC24D1212}.Release|x64.ActiveCfg = Release|Any CPU
		{53DF37F1-5610-4342-B069-C63DC24D1212}.Release|x64.Build.0 = Release|Any CPU
		{53DF37F1-5610-4342-B069-C63DC24D1212}.Release|x86.ActiveCfg = Release|Any CPU
		{53DF37F1-5610-4342-B069-C63DC24D1212}.Release|x86.Build.0 = Release|Any CPU
		{1646E2A5-A4EA-4C07-8BE7-2A0D9834CCBD}.Debug|Any CPU.ActiveCfg = Debug|Any CPU
		{1646E2A5-A4EA-4C07-8BE7-2A0D9834CCBD}.Debug|Any CPU.Build.0 = Debug|Any CPU
		{1646E2A5-A4EA-4C07-8BE7-2A0D9834CCBD}.Debug|x64.ActiveCfg = Debug|Any CPU
		{1646E2A5-A4EA-4C07-8BE7-2A0D9834CCBD}.Debug|x64.Build.0 = Debug|Any CPU
		{1646E2A5-A4EA-4C07-8BE7-2A0D9834CCBD}.Debug|x86.ActiveCfg = Debug|Any CPU
		{1646E2A5-A4EA-4C07-8BE7-2A0D9834CCBD}.Debug|x86.Build.0 = Debug|Any CPU
		{1646E2A5-A4EA-4C07-8BE7-2A0D9834CCBD}.Release|Any CPU.ActiveCfg = Release|Any CPU
		{1646E2A5-A4EA-4C07-8BE7-2A0D9834CCBD}.Release|Any CPU.Build.0 = Release|Any CPU
		{1646E2A5-A4EA-4C07-8BE7-2A0D9834CCBD}.Release|x64.ActiveCfg = Release|Any CPU
		{1646E2A5-A4EA-4C07-8BE7-2A0D9834CCBD}.Release|x64.Build.0 = Release|Any CPU
		{1646E2A5-A4EA-4C07-8BE7-2A0D9834CCBD}.Release|x86.ActiveCfg = Release|Any CPU
		{1646E2A5-A4EA-4C07-8BE7-2A0D9834CCBD}.Release|x86.Build.0 = Release|Any CPU
	EndGlobalSection
	GlobalSection(SolutionProperties) = preSolution
		HideSolutionNode = FALSE
	EndGlobalSection
EndGlobal
