
Microsoft Visual Studio Solution File, Format Version 12.00
# Visual Studio Version 17
VisualStudioVersion = 17.0.31903.59
MinimumVisualStudioVersion = 10.0.40219.1
Project("{FAE04EC0-301F-11D3-BF4B-00C04F79EFBC}") = "T", "T.csproj", "{ADFCAF1F-1DB8-499F-9073-00AAA867870A}"
EndProject
Project("{FAE04EC0-301F-11D3-BF4B-00C04F79EFBC}") = "Core", "..\Bindings\Core\Core.csproj", "{2962D38B-B4A0-4E57-B591-97762ADC9ADA}"
EndProject
Project("{FAE04EC0-301F-11D3-BF4B-00C04F79EFBC}") = "Internal", "..\Bindings\Internal\Internal.csproj", "{34F212F0-2787-452D-9B0B-A22D311E6A2D}"
EndProject
Project("{FAE04EC0-301F-11D3-BF4B-00C04F79EFBC}") = "DDLogs", "..\Bindings\DDLogs\DDLogs.csproj", "{861E1A33-CEC9-434C-B78C-73681A1A6632}"
EndProject
Project("{FAE04EC0-301F-11D3-BF4B-00C04F79EFBC}") = "Rum", "..\Bindings\Rum\Rum.csproj", "{9923732A-F84E-4D5D-BCBC-F4D4410585E4}"
EndProject
Project("{FAE04EC0-301F-11D3-BF4B-00C04F79EFBC}") = "Trace", "..\Bindings\Trace\Trace.csproj", "{F5FFD395-6DE1-4CE6-A94E-264C9E2C4AD5}"
EndProject
Project("{FAE04EC0-301F-11D3-BF4B-00C04F79EFBC}") = "OpenTelemetryApi", "..\Bindings\OpenTelemetryApi\OpenTelemetryApi.csproj", "{90211F02-6225-43B2-9450-BA6E5608A05B}"
EndProject
Project("{FAE04EC0-301F-11D3-BF4B-00C04F79EFBC}") = "CrashReporting", "..\Bindings\CrashReporting\CrashReporting.csproj", "{852C711C-BD2B-4246-BD79-4DE32980C669}"
EndProject
Project("{FAE04EC0-301F-11D3-BF4B-00C04F79EFBC}") = "SessionReplay", "..\Bindings\SessionReplay\SessionReplay.csproj", "{B7D8FDA5-A171-4FA0-B4A2-3E45F9952448}"
EndProject
Project("{FAE04EC0-301F-11D3-BF4B-00C04F79EFBC}") = "WebViewTracking", "..\Bindings\WebViewTracking\WebViewTracking.csproj", "{CFEC7A82-72F4-4A19-A8BB-31438648669E}"
EndProject
Project("{FAE04EC0-301F-11D3-BF4B-00C04F79EFBC}") = "ObjC", "..\Bindings\ObjC\ObjC.csproj", "{06FA2849-6879-42C4-8275-7BFB19470B57}"
EndProject
Global
	GlobalSection(SolutionConfigurationPlatforms) = preSolution
		Debug|Any CPU = Debug|Any CPU
		Debug|x64 = Debug|x64
		Debug|x86 = Debug|x86
		Release|Any CPU = Release|Any CPU
		Release|x64 = Release|x64
		Release|x86 = Release|x86
	EndGlobalSection
	GlobalSection(ProjectConfigurationPlatforms) = postSolution
		{ADFCAF1F-1DB8-499F-9073-00AAA867870A}.Debug|Any CPU.ActiveCfg = Debug|Any CPU
		{ADFCAF1F-1DB8-499F-9073-00AAA867870A}.Debug|Any CPU.Build.0 = Debug|Any CPU
		{ADFCAF1F-1DB8-499F-9073-00AAA867870A}.Debug|Any CPU.Deploy.0 = Debug|Any CPU
		{ADFCAF1F-1DB8-499F-9073-00AAA867870A}.Debug|x64.ActiveCfg = Debug|Any CPU
		{ADFCAF1F-1DB8-499F-9073-00AAA867870A}.Debug|x64.Build.0 = Debug|Any CPU
		{ADFCAF1F-1DB8-499F-9073-00AAA867870A}.Debug|x86.ActiveCfg = Debug|Any CPU
		{ADFCAF1F-1DB8-499F-9073-00AAA867870A}.Debug|x86.Build.0 = Debug|Any CPU
		{ADFCAF1F-1DB8-499F-9073-00AAA867870A}.Release|Any CPU.ActiveCfg = Release|Any CPU
		{ADFCAF1F-1DB8-499F-9073-00AAA867870A}.Release|Any CPU.Build.0 = Release|Any CPU
		{ADFCAF1F-1DB8-499F-9073-00AAA867870A}.Release|x64.ActiveCfg = Release|Any CPU
		{ADFCAF1F-1DB8-499F-9073-00AAA867870A}.Release|x64.Build.0 = Release|Any CPU
		{ADFCAF1F-1DB8-499F-9073-00AAA867870A}.Release|x86.ActiveCfg = Release|Any CPU
		{ADFCAF1F-1DB8-499F-9073-00AAA867870A}.Release|x86.Build.0 = Release|Any CPU
		{2962D38B-B4A0-4E57-B591-97762ADC9ADA}.Debug|Any CPU.ActiveCfg = Debug|Any CPU
		{2962D38B-B4A0-4E57-B591-97762ADC9ADA}.Debug|Any CPU.Build.0 = Debug|Any CPU
		{2962D38B-B4A0-4E57-B591-97762ADC9ADA}.Debug|x64.ActiveCfg = Debug|Any CPU
		{2962D38B-B4A0-4E57-B591-97762ADC9ADA}.Debug|x64.Build.0 = Debug|Any CPU
		{2962D38B-B4A0-4E57-B591-97762ADC9ADA}.Debug|x86.ActiveCfg = Debug|Any CPU
		{2962D38B-B4A0-4E57-B591-97762ADC9ADA}.Debug|x86.Build.0 = Debug|Any CPU
		{2962D38B-B4A0-4E57-B591-97762ADC9ADA}.Release|Any CPU.ActiveCfg = Release|Any CPU
		{2962D38B-B4A0-4E57-B591-97762ADC9ADA}.Release|Any CPU.Build.0 = Release|Any CPU
		{2962D38B-B4A0-4E57-B591-97762ADC9ADA}.Release|x64.ActiveCfg = Release|Any CPU
		{2962D38B-B4A0-4E57-B591-97762ADC9ADA}.Release|x64.Build.0 = Release|Any CPU
		{2962D38B-B4A0-4E57-B591-97762ADC9ADA}.Release|x86.ActiveCfg = Release|Any CPU
		{2962D38B-B4A0-4E57-B591-97762ADC9ADA}.Release|x86.Build.0 = Release|Any CPU
		{34F212F0-2787-452D-9B0B-A22D311E6A2D}.Debug|Any CPU.ActiveCfg = Debug|Any CPU
		{34F212F0-2787-452D-9B0B-A22D311E6A2D}.Debug|Any CPU.Build.0 = Debug|Any CPU
		{34F212F0-2787-452D-9B0B-A22D311E6A2D}.Debug|x64.ActiveCfg = Debug|Any CPU
		{34F212F0-2787-452D-9B0B-A22D311E6A2D}.Debug|x64.Build.0 = Debug|Any CPU
		{34F212F0-2787-452D-9B0B-A22D311E6A2D}.Debug|x86.ActiveCfg = Debug|Any CPU
		{34F212F0-2787-452D-9B0B-A22D311E6A2D}.Debug|x86.Build.0 = Debug|Any CPU
		{34F212F0-2787-452D-9B0B-A22D311E6A2D}.Release|Any CPU.ActiveCfg = Release|Any CPU
		{34F212F0-2787-452D-9B0B-A22D311E6A2D}.Release|Any CPU.Build.0 = Release|Any CPU
		{34F212F0-2787-452D-9B0B-A22D311E6A2D}.Release|x64.ActiveCfg = Release|Any CPU
		{34F212F0-2787-452D-9B0B-A22D311E6A2D}.Release|x64.Build.0 = Release|Any CPU
		{34F212F0-2787-452D-9B0B-A22D311E6A2D}.Release|x86.ActiveCfg = Release|Any CPU
		{34F212F0-2787-452D-9B0B-A22D311E6A2D}.Release|x86.Build.0 = Release|Any CPU
		{861E1A33-CEC9-434C-B78C-73681A1A6632}.Debug|Any CPU.ActiveCfg = Debug|Any CPU
		{861E1A33-CEC9-434C-B78C-73681A1A6632}.Debug|Any CPU.Build.0 = Debug|Any CPU
		{861E1A33-CEC9-434C-B78C-73681A1A6632}.Debug|x64.ActiveCfg = Debug|Any CPU
		{861E1A33-CEC9-434C-B78C-73681A1A6632}.Debug|x64.Build.0 = Debug|Any CPU
		{861E1A33-CEC9-434C-B78C-73681A1A6632}.Debug|x86.ActiveCfg = Debug|Any CPU
		{861E1A33-CEC9-434C-B78C-73681A1A6632}.Debug|x86.Build.0 = Debug|Any CPU
		{861E1A33-CEC9-434C-B78C-73681A1A6632}.Release|Any CPU.ActiveCfg = Release|Any CPU
		{861E1A33-CEC9-434C-B78C-73681A1A6632}.Release|Any CPU.Build.0 = Release|Any CPU
		{861E1A33-CEC9-434C-B78C-73681A1A6632}.Release|x64.ActiveCfg = Release|Any CPU
		{861E1A33-CEC9-434C-B78C-73681A1A6632}.Release|x64.Build.0 = Release|Any CPU
		{861E1A33-CEC9-434C-B78C-73681A1A6632}.Release|x86.ActiveCfg = Release|Any CPU
		{861E1A33-CEC9-434C-B78C-73681A1A6632}.Release|x86.Build.0 = Release|Any CPU
		{9923732A-F84E-4D5D-BCBC-F4D4410585E4}.Debug|Any CPU.ActiveCfg = Debug|Any CPU
		{9923732A-F84E-4D5D-BCBC-F4D4410585E4}.Debug|Any CPU.Build.0 = Debug|Any CPU
		{9923732A-F84E-4D5D-BCBC-F4D4410585E4}.Debug|x64.ActiveCfg = Debug|Any CPU
		{9923732A-F84E-4D5D-BCBC-F4D4410585E4}.Debug|x64.Build.0 = Debug|Any CPU
		{9923732A-F84E-4D5D-BCBC-F4D4410585E4}.Debug|x86.ActiveCfg = Debug|Any CPU
		{9923732A-F84E-4D5D-BCBC-F4D4410585E4}.Debug|x86.Build.0 = Debug|Any CPU
		{9923732A-F84E-4D5D-BCBC-F4D4410585E4}.Release|Any CPU.ActiveCfg = Release|Any CPU
		{9923732A-F84E-4D5D-BCBC-F4D4410585E4}.Release|Any CPU.Build.0 = Release|Any CPU
		{9923732A-F84E-4D5D-BCBC-F4D4410585E4}.Release|x64.ActiveCfg = Release|Any CPU
		{9923732A-F84E-4D5D-BCBC-F4D4410585E4}.Release|x64.Build.0 = Release|Any CPU
		{9923732A-F84E-4D5D-BCBC-F4D4410585E4}.Release|x86.ActiveCfg = Release|Any CPU
		{9923732A-F84E-4D5D-BCBC-F4D4410585E4}.Release|x86.Build.0 = Release|Any CPU
		{F5FFD395-6DE1-4CE6-A94E-264C9E2C4AD5}.Debug|Any CPU.ActiveCfg = Debug|Any CPU
		{F5FFD395-6DE1-4CE6-A94E-264C9E2C4AD5}.Debug|Any CPU.Build.0 = Debug|Any CPU
		{F5FFD395-6DE1-4CE6-A94E-264C9E2C4AD5}.Debug|x64.ActiveCfg = Debug|Any CPU
		{F5FFD395-6DE1-4CE6-A94E-264C9E2C4AD5}.Debug|x64.Build.0 = Debug|Any CPU
		{F5FFD395-6DE1-4CE6-A94E-264C9E2C4AD5}.Debug|x86.ActiveCfg = Debug|Any CPU
		{F5FFD395-6DE1-4CE6-A94E-264C9E2C4AD5}.Debug|x86.Build.0 = Debug|Any CPU
		{F5FFD395-6DE1-4CE6-A94E-264C9E2C4AD5}.Release|Any CPU.ActiveCfg = Release|Any CPU
		{F5FFD395-6DE1-4CE6-A94E-264C9E2C4AD5}.Release|Any CPU.Build.0 = Release|Any CPU
		{F5FFD395-6DE1-4CE6-A94E-264C9E2C4AD5}.Release|x64.ActiveCfg = Release|Any CPU
		{F5FFD395-6DE1-4CE6-A94E-264C9E2C4AD5}.Release|x64.Build.0 = Release|Any CPU
		{F5FFD395-6DE1-4CE6-A94E-264C9E2C4AD5}.Release|x86.ActiveCfg = Release|Any CPU
		{F5FFD395-6DE1-4CE6-A94E-264C9E2C4AD5}.Release|x86.Build.0 = Release|Any CPU
		{90211F02-6225-43B2-9450-BA6E5608A05B}.Debug|Any CPU.ActiveCfg = Debug|Any CPU
		{90211F02-6225-43B2-9450-BA6E5608A05B}.Debug|Any CPU.Build.0 = Debug|Any CPU
		{90211F02-6225-43B2-9450-BA6E5608A05B}.Debug|x64.ActiveCfg = Debug|Any CPU
		{90211F02-6225-43B2-9450-BA6E5608A05B}.Debug|x64.Build.0 = Debug|Any CPU
		{90211F02-6225-43B2-9450-BA6E5608A05B}.Debug|x86.ActiveCfg = Debug|Any CPU
		{90211F02-6225-43B2-9450-BA6E5608A05B}.Debug|x86.Build.0 = Debug|Any CPU
		{90211F02-6225-43B2-9450-BA6E5608A05B}.Release|Any CPU.ActiveCfg = Release|Any CPU
		{90211F02-6225-43B2-9450-BA6E5608A05B}.Release|Any CPU.Build.0 = Release|Any CPU
		{90211F02-6225-43B2-9450-BA6E5608A05B}.Release|x64.ActiveCfg = Release|Any CPU
		{90211F02-6225-43B2-9450-BA6E5608A05B}.Release|x64.Build.0 = Release|Any CPU
		{90211F02-6225-43B2-9450-BA6E5608A05B}.Release|x86.ActiveCfg = Release|Any CPU
		{90211F02-6225-43B2-9450-BA6E5608A05B}.Release|x86.Build.0 = Release|Any CPU
		{852C711C-BD2B-4246-BD79-4DE32980C669}.Debug|Any CPU.ActiveCfg = Debug|Any CPU
		{852C711C-BD2B-4246-BD79-4DE32980C669}.Debug|Any CPU.Build.0 = Debug|Any CPU
		{852C711C-BD2B-4246-BD79-4DE32980C669}.Debug|x64.ActiveCfg = Debug|Any CPU
		{852C711C-BD2B-4246-BD79-4DE32980C669}.Debug|x64.Build.0 = Debug|Any CPU
		{852C711C-BD2B-4246-BD79-4DE32980C669}.Debug|x86.ActiveCfg = Debug|Any CPU
		{852C711C-BD2B-4246-BD79-4DE32980C669}.Debug|x86.Build.0 = Debug|Any CPU
		{852C711C-BD2B-4246-BD79-4DE32980C669}.Release|Any CPU.ActiveCfg = Release|Any CPU
		{852C711C-BD2B-4246-BD79-4DE32980C669}.Release|Any CPU.Build.0 = Release|Any CPU
		{852C711C-BD2B-4246-BD79-4DE32980C669}.Release|x64.ActiveCfg = Release|Any CPU
		{852C711C-BD2B-4246-BD79-4DE32980C669}.Release|x64.Build.0 = Release|Any CPU
		{852C711C-BD2B-4246-BD79-4DE32980C669}.Release|x86.ActiveCfg = Release|Any CPU
		{852C711C-BD2B-4246-BD79-4DE32980C669}.Release|x86.Build.0 = Release|Any CPU
		{B7D8FDA5-A171-4FA0-B4A2-3E45F9952448}.Debug|Any CPU.ActiveCfg = Debug|Any CPU
		{B7D8FDA5-A171-4FA0-B4A2-3E45F9952448}.Debug|Any CPU.Build.0 = Debug|Any CPU
		{B7D8FDA5-A171-4FA0-B4A2-3E45F9952448}.Debug|x64.ActiveCfg = Debug|Any CPU
		{B7D8FDA5-A171-4FA0-B4A2-3E45F9952448}.Debug|x64.Build.0 = Debug|Any CPU
		{B7D8FDA5-A171-4FA0-B4A2-3E45F9952448}.Debug|x86.ActiveCfg = Debug|Any CPU
		{B7D8FDA5-A171-4FA0-B4A2-3E45F9952448}.Debug|x86.Build.0 = Debug|Any CPU
		{B7D8FDA5-A171-4FA0-B4A2-3E45F9952448}.Release|Any CPU.ActiveCfg = Release|Any CPU
		{B7D8FDA5-A171-4FA0-B4A2-3E45F9952448}.Release|Any CPU.Build.0 = Release|Any CPU
		{B7D8FDA5-A171-4FA0-B4A2-3E45F9952448}.Release|x64.ActiveCfg = Release|Any CPU
		{B7D8FDA5-A171-4FA0-B4A2-3E45F9952448}.Release|x64.Build.0 = Release|Any CPU
		{B7D8FDA5-A171-4FA0-B4A2-3E45F9952448}.Release|x86.ActiveCfg = Release|Any CPU
		{B7D8FDA5-A171-4FA0-B4A2-3E45F9952448}.Release|x86.Build.0 = Release|Any CPU
		{CFEC7A82-72F4-4A19-A8BB-31438648669E}.Debug|Any CPU.ActiveCfg = Debug|Any CPU
		{CFEC7A82-72F4-4A19-A8BB-31438648669E}.Debug|Any CPU.Build.0 = Debug|Any CPU
		{CFEC7A82-72F4-4A19-A8BB-31438648669E}.Debug|x64.ActiveCfg = Debug|Any CPU
		{CFEC7A82-72F4-4A19-A8BB-31438648669E}.Debug|x64.Build.0 = Debug|Any CPU
		{CFEC7A82-72F4-4A19-A8BB-31438648669E}.Debug|x86.ActiveCfg = Debug|Any CPU
		{CFEC7A82-72F4-4A19-A8BB-31438648669E}.Debug|x86.Build.0 = Debug|Any CPU
		{CFEC7A82-72F4-4A19-A8BB-31438648669E}.Release|Any CPU.ActiveCfg = Release|Any CPU
		{CFEC7A82-72F4-4A19-A8BB-31438648669E}.Release|Any CPU.Build.0 = Release|Any CPU
		{CFEC7A82-72F4-4A19-A8BB-31438648669E}.Release|x64.ActiveCfg = Release|Any CPU
		{CFEC7A82-72F4-4A19-A8BB-31438648669E}.Release|x64.Build.0 = Release|Any CPU
		{CFEC7A82-72F4-4A19-A8BB-31438648669E}.Release|x86.ActiveCfg = Release|Any CPU
		{CFEC7A82-72F4-4A19-A8BB-31438648669E}.Release|x86.Build.0 = Release|Any CPU
		{06FA2849-6879-42C4-8275-7BFB19470B57}.Debug|Any CPU.ActiveCfg = Debug|Any CPU
		{06FA2849-6879-42C4-8275-7BFB19470B57}.Debug|Any CPU.Build.0 = Debug|Any CPU
		{06FA2849-6879-42C4-8275-7BFB19470B57}.Debug|x64.ActiveCfg = Debug|Any CPU
		{06FA2849-6879-42C4-8275-7BFB19470B57}.Debug|x64.Build.0 = Debug|Any CPU
		{06FA2849-6879-42C4-8275-7BFB19470B57}.Debug|x86.ActiveCfg = Debug|Any CPU
		{06FA2849-6879-42C4-8275-7BFB19470B57}.Debug|x86.Build.0 = Debug|Any CPU
		{06FA2849-6879-42C4-8275-7BFB19470B57}.Release|Any CPU.ActiveCfg = Release|Any CPU
		{06FA2849-6879-42C4-8275-7BFB19470B57}.Release|Any CPU.Build.0 = Release|Any CPU
		{06FA2849-6879-42C4-8275-7BFB19470B57}.Release|x64.ActiveCfg = Release|Any CPU
		{06FA2849-6879-42C4-8275-7BFB19470B57}.Release|x64.Build.0 = Release|Any CPU
		{06FA2849-6879-42C4-8275-7BFB19470B57}.Release|x86.ActiveCfg = Release|Any CPU
		{06FA2849-6879-42C4-8275-7BFB19470B57}.Release|x86.Build.0 = Release|Any CPU
	EndGlobalSection
	GlobalSection(SolutionProperties) = preSolution
		HideSolutionNode = FALSE
	EndGlobalSection
EndGlobal
