
Microsoft Visual Studio Solution File, Format Version 12.00
# Visual Studio Version 17
VisualStudioVersion = 17.10.34928.147
MinimumVisualStudioVersion = 10.0.40219.1
Project("{2150E333-8FDC-42A3-9474-1A3956D46DE8}") = "Solution Items", "Solution Items", "{9A720169-2986-43C2-B4FF-358D69060F5C}"
EndProject
Project("{2150E333-8FDC-42A3-9474-1A3956D46DE8}") = "Bindings", "Bindings", "{53DA71EA-6E17-442F-9B78-C051117F020E}"
EndProject
Project("{FAE04EC0-301F-11D3-BF4B-00C04F79EFBC}") = "Core", "Bindings\Core\Core.csproj", "{AB3C544F-D6BF-42E9-93FE-3CC625FD1C7E}"
EndProject
Project("{FAE04EC0-301F-11D3-BF4B-00C04F79EFBC}") = "CrashReporting", "Bindings\CrashReporting\CrashReporting.csproj", "{06D85991-3C21-471C-8F69-10ADDBCCED9B}"
EndProject
Project("{FAE04EC0-301F-11D3-BF4B-00C04F79EFBC}") = "DDLogs", "Bindings\DDLogs\DDLogs.csproj", "{465CA49F-4B2E-4093-BE8C-D61D3CA4DF9B}"
EndProject
Project("{FAE04EC0-301F-11D3-BF4B-00C04F79EFBC}") = "Internal", "Bindings\Internal\Internal.csproj", "{2475EB4D-A8B4-4DDB-A7A4-4676C45CD36D}"
EndProject
Project("{FAE04EC0-301F-11D3-BF4B-00C04F79EFBC}") = "ObjC", "Bindings\ObjC\ObjC.csproj", "{0CAB2C22-0A66-412C-A91D-E9047C2FAC1D}"
EndProject
Project("{FAE04EC0-301F-11D3-BF4B-00C04F79EFBC}") = "OpenTelemetryApi", "Bindings\OpenTelemetryApi\OpenTelemetryApi.csproj", "{F1989A97-5A18-4136-946C-2BE293A54895}"
EndProject
Project("{FAE04EC0-301F-11D3-BF4B-00C04F79EFBC}") = "Rum", "Bindings\Rum\Rum.csproj", "{CC57CF07-D29B-45F6-9B1B-F0CE32A95249}"
EndProject
Project("{FAE04EC0-301F-11D3-BF4B-00C04F79EFBC}") = "SessionReplay", "Bindings\SessionReplay\SessionReplay.csproj", "{C7F15275-ADF9-459B-9129-D8BC77181460}"
EndProject
Project("{FAE04EC0-301F-11D3-BF4B-00C04F79EFBC}") = "Trace", "Bindings\Trace\Trace.csproj", "{800C7961-3A76-447A-B018-202840D6130D}"
EndProject
Project("{FAE04EC0-301F-11D3-BF4B-00C04F79EFBC}") = "WebViewTracking", "Bindings\WebViewTracking\WebViewTracking.csproj", "{8ED369E0-A8D1-4B68-94EE-067EF922877C}"
EndProject
Global
	GlobalSection(SolutionConfigurationPlatforms) = preSolution
		Debug|Any CPU = Debug|Any CPU
		Release|Any CPU = Release|Any CPU
	EndGlobalSection
	GlobalSection(ProjectConfigurationPlatforms) = postSolution
		{AB3C544F-D6BF-42E9-93FE-3CC625FD1C7E}.Debug|Any CPU.ActiveCfg = Debug|Any CPU
		{AB3C544F-D6BF-42E9-93FE-3CC625FD1C7E}.Debug|Any CPU.Build.0 = Debug|Any CPU
		{AB3C544F-D6BF-42E9-93FE-3CC625FD1C7E}.Release|Any CPU.ActiveCfg = Release|Any CPU
		{AB3C544F-D6BF-42E9-93FE-3CC625FD1C7E}.Release|Any CPU.Build.0 = Release|Any CPU
		{06D85991-3C21-471C-8F69-10ADDBCCED9B}.Debug|Any CPU.ActiveCfg = Debug|Any CPU
		{06D85991-3C21-471C-8F69-10ADDBCCED9B}.Debug|Any CPU.Build.0 = Debug|Any CPU
		{06D85991-3C21-471C-8F69-10ADDBCCED9B}.Release|Any CPU.ActiveCfg = Release|Any CPU
		{06D85991-3C21-471C-8F69-10ADDBCCED9B}.Release|Any CPU.Build.0 = Release|Any CPU
		{465CA49F-4B2E-4093-BE8C-D61D3CA4DF9B}.Debug|Any CPU.ActiveCfg = Debug|Any CPU
		{465CA49F-4B2E-4093-BE8C-D61D3CA4DF9B}.Debug|Any CPU.Build.0 = Debug|Any CPU
		{465CA49F-4B2E-4093-BE8C-D61D3CA4DF9B}.Release|Any CPU.ActiveCfg = Release|Any CPU
		{465CA49F-4B2E-4093-BE8C-D61D3CA4DF9B}.Release|Any CPU.Build.0 = Release|Any CPU
		{2475EB4D-A8B4-4DDB-A7A4-4676C45CD36D}.Debug|Any CPU.ActiveCfg = Debug|Any CPU
		{2475EB4D-A8B4-4DDB-A7A4-4676C45CD36D}.Debug|Any CPU.Build.0 = Debug|Any CPU
		{2475EB4D-A8B4-4DDB-A7A4-4676C45CD36D}.Release|Any CPU.ActiveCfg = Release|Any CPU
		{2475EB4D-A8B4-4DDB-A7A4-4676C45CD36D}.Release|Any CPU.Build.0 = Release|Any CPU
		{0CAB2C22-0A66-412C-A91D-E9047C2FAC1D}.Debug|Any CPU.ActiveCfg = Debug|Any CPU
		{0CAB2C22-0A66-412C-A91D-E9047C2FAC1D}.Debug|Any CPU.Build.0 = Debug|Any CPU
		{0CAB2C22-0A66-412C-A91D-E9047C2FAC1D}.Release|Any CPU.ActiveCfg = Release|Any CPU
		{0CAB2C22-0A66-412C-A91D-E9047C2FAC1D}.Release|Any CPU.Build.0 = Release|Any CPU
		{F1989A97-5A18-4136-946C-2BE293A54895}.Debug|Any CPU.ActiveCfg = Debug|Any CPU
		{F1989A97-5A18-4136-946C-2BE293A54895}.Debug|Any CPU.Build.0 = Debug|Any CPU
		{F1989A97-5A18-4136-946C-2BE293A54895}.Release|Any CPU.ActiveCfg = Release|Any CPU
		{F1989A97-5A18-4136-946C-2BE293A54895}.Release|Any CPU.Build.0 = Release|Any CPU
		{CC57CF07-D29B-45F6-9B1B-F0CE32A95249}.Debug|Any CPU.ActiveCfg = Debug|Any CPU
		{CC57CF07-D29B-45F6-9B1B-F0CE32A95249}.Debug|Any CPU.Build.0 = Debug|Any CPU
		{CC57CF07-D29B-45F6-9B1B-F0CE32A95249}.Release|Any CPU.ActiveCfg = Release|Any CPU
		{CC57CF07-D29B-45F6-9B1B-F0CE32A95249}.Release|Any CPU.Build.0 = Release|Any CPU
		{C7F15275-ADF9-459B-9129-D8BC77181460}.Debug|Any CPU.ActiveCfg = Debug|Any CPU
		{C7F15275-ADF9-459B-9129-D8BC77181460}.Debug|Any CPU.Build.0 = Debug|Any CPU
		{C7F15275-ADF9-459B-9129-D8BC77181460}.Release|Any CPU.ActiveCfg = Release|Any CPU
		{C7F15275-ADF9-459B-9129-D8BC77181460}.Release|Any CPU.Build.0 = Release|Any CPU
		{800C7961-3A76-447A-B018-202840D6130D}.Debug|Any CPU.ActiveCfg = Debug|Any CPU
		{800C7961-3A76-447A-B018-202840D6130D}.Debug|Any CPU.Build.0 = Debug|Any CPU
		{800C7961-3A76-447A-B018-202840D6130D}.Release|Any CPU.ActiveCfg = Release|Any CPU
		{800C7961-3A76-447A-B018-202840D6130D}.Release|Any CPU.Build.0 = Release|Any CPU
		{8ED369E0-A8D1-4B68-94EE-067EF922877C}.Debug|Any CPU.ActiveCfg = Debug|Any CPU
		{8ED369E0-A8D1-4B68-94EE-067EF922877C}.Debug|Any CPU.Build.0 = Debug|Any CPU
		{8ED369E0-A8D1-4B68-94EE-067EF922877C}.Release|Any CPU.ActiveCfg = Release|Any CPU
		{8ED369E0-A8D1-4B68-94EE-067EF922877C}.Release|Any CPU.Build.0 = Release|Any CPU
	EndGlobalSection
	GlobalSection(SolutionProperties) = preSolution
		HideSolutionNode = FALSE
	EndGlobalSection
	GlobalSection(ExtensibilityGlobals) = postSolution
		SolutionGuid = {44FA0988-54CB-4B38-A482-0F0C83BFC8BF}
	EndGlobalSection
	GlobalSection(NestedProjects) = preSolution
		{AB3C544F-D6BF-42E9-93FE-3CC625FD1C7E} = {53DA71EA-6E17-442F-9B78-C051117F020E}
		{06D85991-3C21-471C-8F69-10ADDBCCED9B} = {53DA71EA-6E17-442F-9B78-C051117F020E}
		{465CA49F-4B2E-4093-BE8C-D61D3CA4DF9B} = {53DA71EA-6E17-442F-9B78-C051117F020E}
		{2475EB4D-A8B4-4DDB-A7A4-4676C45CD36D} = {53DA71EA-6E17-442F-9B78-C051117F020E}
		{0CAB2C22-0A66-412C-A91D-E9047C2FAC1D} = {53DA71EA-6E17-442F-9B78-C051117F020E}
		{F1989A97-5A18-4136-946C-2BE293A54895} = {53DA71EA-6E17-442F-9B78-C051117F020E}
		{CC57CF07-D29B-45F6-9B1B-F0CE32A95249} = {53DA71EA-6E17-442F-9B78-C051117F020E}
		{C7F15275-ADF9-459B-9129-D8BC77181460} = {53DA71EA-6E17-442F-9B78-C051117F020E}
		{800C7961-3A76-447A-B018-202840D6130D} = {53DA71EA-6E17-442F-9B78-C051117F020E}
		{8ED369E0-A8D1-4B68-94EE-067EF922877C} = {53DA71EA-6E17-442F-9B78-C051117F020E}
	EndGlobalSection
EndGlobal
